
Microsoft Visual Studio Solution File, Format Version 12.00
# Visual Studio 15
VisualStudioVersion = 15.0.27703.2026
MinimumVisualStudioVersion = 10.0.40219.1
Project("{8BC9CEB8-8B4A-11D0-8D11-00A0C91BC942}") = "taobao", "taobao\taobao.vcxproj", "{4CBD9471-C36F-4FE6-A622-BB881C7D0147}"
EndProject
Global
	GlobalSection(SolutionConfigurationPlatforms) = preSolution
		Debug|x64 = Debug|x64
		Debug|x86 = Debug|x86
		Release|x64 = Release|x64
		Release|x86 = Release|x86
	EndGlobalSection
	GlobalSection(ProjectConfigurationPlatforms) = postSolution
		{4CBD9471-C36F-4FE6-A622-BB881C7D0147}.Debug|x64.ActiveCfg = Debug|x64
		{4CBD9471-C36F-4FE6-A622-BB881C7D0147}.Debug|x64.Build.0 = Debug|x64
		{4CBD9471-C36F-4FE6-A622-BB881C7D0147}.Debug|x86.ActiveCfg = Debug|Win32
		{4CBD9471-C36F-4FE6-A622-BB881C7D0147}.Debug|x86.Build.0 = Debug|Win32
		{4CBD9471-C36F-4FE6-A622-BB881C7D0147}.Release|x64.ActiveCfg = Release|x64
		{4CBD9471-C36F-4FE6-A622-BB881C7D0147}.Release|x64.Build.0 = Release|x64
		{4CBD9471-C36F-4FE6-A622-BB881C7D0147}.Release|x86.ActiveCfg = Release|Win32
		{4CBD9471-C36F-4FE6-A622-BB881C7D0147}.Release|x86.Build.0 = Release|Win32
	EndGlobalSection
	GlobalSection(SolutionProperties) = preSolution
		HideSolutionNode = FALSE
	EndGlobalSection
	GlobalSection(ExtensibilityGlobals) = postSolution
		SolutionGuid = {8EF2B308-766B-4EBC-ABBC-37F4B1EA350C}
	EndGlobalSection
EndGlobal
